{
  "version": 4,
  "terraform_version": "1.7.4",
  "serial": 12,
  "lineage": "1d973b4c-571c-3d23-a4f8-41e487d8376a",
  "outputs": {
    "resource_group_id": {
      "value": "/subscriptions/344cd49b-7290-4ab6-9006-876fc67f28a8/resourceGroups/myTFResourceGroup",
      "type": "string"
    }
  },
  "resources": [
    {
      "mode": "managed",
      "type": "azurerm_resource_group",
      "name": "rg",
      "provider": "provider[\"registry.terraform.io/hashicorp/azurerm\"]",
      "instances": [
        {
          "schema_version": 0,
          "attributes": {
            "id": "/subscriptions/344cd49b-7290-4ab6-9006-876fc67f28a8/resourceGroups/myTFResourceGroup",
            "location": "uksouth",
            "name": "myTFResourceGroup",
            "tags": {
              "Environment": "Terraform Getting Started",
              "Team": "DevOps"
            },
            "timeouts": null
          },
          "sensitive_attributes": [],
          "private": "eyJlMmJmYjczMC1lY2FhLTExZTYtOGY4OC0zNDM2M2JjN2M0YzAiOnsiY3JlYXRlIjo1NDAwMDAwMDAwMDAwLCJkZWxldGUiOjU0MDAwMDAwMDAwMDAsInJlYWQiOjMwMDAwMDAwMDAwMCwidXBkYXRlIjo1NDAwMDAwMDAwMDAwfX0="
        }
      ]
    },
    {
      "mode": "managed",
      "type": "azurerm_virtual_network",
      "name": "vnet",
      "provider": "provider[\"registry.terraform.io/hashicorp/azurerm\"]",
      "instances": [
        {
          "schema_version": 0,
          "attributes": {
            "address_space": [
              "10.0.0.0/16"
            ],
            "bgp_community": "",
            "ddos_protection_plan": [],
            "dns_servers": [],
            "edge_zone": "",
            "flow_timeout_in_minutes": 0,
            "guid": "cd1c687f-3a76-4956-8e3e-c2c1ee0199db",
            "id": "/subscriptions/344cd49b-7290-4ab6-9006-876fc67f28a8/resourceGroups/myTFResourceGroup/providers/Microsoft.Network/virtualNetworks/myTFVnet",
            "location": "uksouth",
            "name": "myTFVnet",
            "resource_group_name": "myTFResourceGroup",
            "subnet": [],
            "tags": {},
            "timeouts": null
          },
          "sensitive_attributes": [],
          "private": "eyJlMmJmYjczMC1lY2FhLTExZTYtOGY4OC0zNDM2M2JjN2M0YzAiOnsiY3JlYXRlIjoxODAwMDAwMDAwMDAwLCJkZWxldGUiOjE4MDAwMDAwMDAwMDAsInJlYWQiOjMwMDAwMDAwMDAwMCwidXBkYXRlIjoxODAwMDAwMDAwMDAwfX0=",
          "dependencies": [
            "azurerm_resource_group.rg"
          ]
        }
      ]
    }
  ],
  "check_results": null
}
